
Microsoft Visual Studio Solution File, Format Version 12.00
# Visual Studio Version 17
VisualStudioVersion = 17.2.32630.192
MinimumVisualStudioVersion = 10.0.40219.1
Project("{8BC9CEB8-8B4A-11D0-8D11-00A0C91BC942}") = "Stack", "Stack\Stack.vcxproj", "{81D0377F-3867-4913-B9C3-05812ACD2239}"
EndProject
Global
	GlobalSection(SolutionConfigurationPlatforms) = preSolution
		Debug|x64 = Debug|x64
		Debug|x86 = Debug|x86
		Release|x64 = Release|x64
		Release|x86 = Release|x86
	EndGlobalSection
	GlobalSection(ProjectConfigurationPlatforms) = postSolution
		{81D0377F-3867-4913-B9C3-05812ACD2239}.Debug|x64.ActiveCfg = Debug|x64
		{81D0377F-3867-4913-B9C3-05812ACD2239}.Debug|x64.Build.0 = Debug|x64
		{81D0377F-3867-4913-B9C3-05812ACD2239}.Debug|x86.ActiveCfg = Debug|Win32
		{81D0377F-3867-4913-B9C3-05812ACD2239}.Debug|x86.Build.0 = Debug|Win32
		{81D0377F-3867-4913-B9C3-05812ACD2239}.Release|x64.ActiveCfg = Release|x64
		{81D0377F-3867-4913-B9C3-05812ACD2239}.Release|x64.Build.0 = Release|x64
		{81D0377F-3867-4913-B9C3-05812ACD2239}.Release|x86.ActiveCfg = Release|Win32
		{81D0377F-3867-4913-B9C3-05812ACD2239}.Release|x86.Build.0 = Release|Win32
	EndGlobalSection
	GlobalSection(SolutionProperties) = preSolution
		HideSolutionNode = FALSE
	EndGlobalSection
	GlobalSection(ExtensibilityGlobals) = postSolution
		SolutionGuid = {029D2729-C968-42FA-A731-8831B77283C0}
	EndGlobalSection
EndGlobal
